<?xml version="1.0" encoding="utf-8"?>
<Project ToolsVersion="4.0" xmlns="http://schemas.microsoft.com/developer/msbuild/2003">
  <ItemGroup>
    <ClCompile Include="..\packages\gpu_voxels\src\gpu_visualization\Camera.cpp" />
    <ClCompile Include="..\packages\gpu_voxels\src\gpu_visualization\logging\logging_visualization.cpp" />
    <ClCompile Include="..\packages\gpu_voxels\src\gpu_visualization\shader.cpp" />
    <ClCompile Include="..\packages\gpu_voxels\src\gpu_visualization\SharedMemoryManagerOctrees.cpp" />
    <ClCompile Include="..\packages\gpu_voxels\src\gpu_visualization\SharedMemoryManagerPrimitiveArrays.cpp" />
    <ClCompile Include="..\packages\gpu_voxels\src\gpu_visualization\SharedMemoryManagerVisualizer.cpp" />
    <ClCompile Include="..\packages\gpu_voxels\src\gpu_visualization\SharedMemoryManagerVoxelLists.cpp" />
    <ClCompile Include="..\packages\gpu_voxels\src\gpu_visualization\SharedMemoryManagerVoxelMaps.cpp" />
    <ClCompile Include="..\packages\gpu_voxels\src\gpu_visualization\Utils.cpp" />
    <ClCompile Include="..\packages\gpu_voxels\src\gpu_visualization\XMLInterpreter.cpp" />
    <ClCompile Include="..\packages\gpu_voxels\src\gpu_visualization\Visualizer.cpp" />
    <ClCompile Include="..\packages\gpu_voxels\src\gpu_visualization\gpu_voxels_visualizer.cpp" />
    <ClCompile Include="..\packages\gpu_voxels\src\gpu_visualization\CubeListContext.cpp" />
    <ClCompile Include="..\packages\gpu_voxels\src\gpu_visualization\Sphere.cpp" />
    <ClCompile Include="..\packages\gpu_voxels\src\gpu_visualization\DataContext.cpp" />
  </ItemGroup>
  <ItemGroup>
    <ClInclude Include="..\packages\gpu_voxels\src\gpu_visualization\Camera.h" />
    <ClInclude Include="..\packages\gpu_voxels\src\gpu_visualization\CubelistContext.h" />
    <ClInclude Include="..\packages\gpu_voxels\src\gpu_visualization\Cuboid.h" />
    <ClInclude Include="..\packages\gpu_voxels\src\gpu_visualization\DataContext.h" />
    <ClInclude Include="..\packages\gpu_voxels\src\gpu_visualization\gpu_voxels_visualizer.h" />
    <ClInclude Include="..\packages\gpu_voxels\src\gpu_visualization\kernels\VoxelMapVisualizerOperations.h" />
    <ClInclude Include="..\packages\gpu_voxels\src\gpu_visualization\logging\logging_visualization.h" />
    <ClInclude Include="..\packages\gpu_voxels\src\gpu_visualization\Primitive.h" />
    <ClInclude Include="..\packages\gpu_voxels\src\gpu_visualization\PrimitiveArrayContext.h" />
    <ClInclude Include="..\packages\gpu_voxels\src\gpu_visualization\shader.h" />
    <ClInclude Include="..\packages\gpu_voxels\src\gpu_visualization\shaders\ColormapFragmentShader.h" />
    <ClInclude Include="..\packages\gpu_voxels\src\gpu_visualization\shaders\ColormapVertexShader.h" />
    <ClInclude Include="..\packages\gpu_voxels\src\gpu_visualization\shaders\LightingFragmentShader.h" />
    <ClInclude Include="..\packages\gpu_voxels\src\gpu_visualization\shaders\LightingVertexShader.h" />
    <ClInclude Include="..\packages\gpu_voxels\src\gpu_visualization\shaders\SimpleFragmentShader.h" />
    <ClInclude Include="..\packages\gpu_voxels\src\gpu_visualization\shaders\SimpleVertexShader.h" />
    <ClInclude Include="..\packages\gpu_voxels\src\gpu_visualization\SharedMemoryManager.h" />
    <ClInclude Include="..\packages\gpu_voxels\src\gpu_visualization\SharedMemoryManagerOctrees.h" />
    <ClInclude Include="..\packages\gpu_voxels\src\gpu_visualization\SharedMemoryManagerPrimitiveArrays.h" />
    <ClInclude Include="..\packages\gpu_voxels\src\gpu_visualization\SharedMemoryManagerVisualizer.h" />
    <ClInclude Include="..\packages\gpu_voxels\src\gpu_visualization\SharedMemoryManagerVoxelLists.h" />
    <ClInclude Include="..\packages\gpu_voxels\src\gpu_visualization\SharedMemoryManagerVoxelMaps.h" />
    <ClInclude Include="..\packages\gpu_voxels\src\gpu_visualization\Sphere.h" />
    <ClInclude Include="..\packages\gpu_voxels\src\gpu_visualization\Utils.h" />
    <ClInclude Include="..\packages\gpu_voxels\src\gpu_visualization\Visualizer.h" />
    <ClInclude Include="..\packages\gpu_voxels\src\gpu_visualization\VisualizerContext.h" />
    <ClInclude Include="..\packages\gpu_voxels\src\gpu_visualization\visualizerDefines.h" />
    <ClInclude Include="..\packages\gpu_voxels\src\gpu_visualization\VoxelmapContext.h" />
    <ClInclude Include="..\packages\gpu_voxels\src\gpu_visualization\XMLInterpreter.h" />
    <ClInclude Include="..\packages\gpu_voxels\src\constants.hpp" />
    <ClInclude Include="..\packages\gpu_voxels\src\gpu_visualization\kernels\VisualizerUtil.h" />
    <ClInclude Include="..\packages\gpu_voxels\src\gpu_visualization\TemplatedVoxelMapVisual.hpp" />
  </ItemGroup>
  <ItemGroup>
    <CudaCompile Include="..\packages\gpu_voxels\src\gpu_visualization\kernels\VoxelMapVisualizerOperations.cu" />
    <CudaCompile Include="..\packages\gpu_voxels\src\gpu_visualization\kernels\VisualizerUtil.cu" />
    <CudaCompile Include="..\packages\gpu_voxels\src\gpu_visualization\TemplatedVoxelMapVisual.cu" />
  </ItemGroup>
</Project>