<?xml version="1.0" encoding="utf-8"?>
<Project ToolsVersion="4.0" xmlns="http://schemas.microsoft.com/developer/msbuild/2003">
  <ItemGroup>
    <Filter Include="Quelldateien">
      <UniqueIdentifier>{4FC737F1-C7A5-4376-A066-2A32D752A2FF}</UniqueIdentifier>
      <Extensions>cpp;c;cc;cxx;c++;cppm;ixx;def;odl;idl;hpj;bat;asm;asmx</Extensions>
    </Filter>
    <Filter Include="Headerdateien">
      <UniqueIdentifier>{93995380-89BD-4b04-88EB-625FBE52EBFB}</UniqueIdentifier>
      <Extensions>h;hh;hpp;hxx;h++;hm;inl;inc;ipp;xsd;cuh;cuhpp</Extensions>
    </Filter>
    <Filter Include="Ressourcendateien">
      <UniqueIdentifier>{67DA6AB6-F800-4c08-8B7A-83BB121AAD01}</UniqueIdentifier>
      <Extensions>rc;ico;cur;bmp;dlg;rc2;rct;bin;rgs;gif;jpg;jpeg;jpe;resx;tiff;tif;png;wav;mfcribbon-ms</Extensions>
    </Filter>
  </ItemGroup>
  <ItemGroup>
    <ClInclude Include="..\packages\icl_core\src\icl_core\AtScopeEnd.h">
      <Filter>Headerdateien</Filter>
    </ClInclude>
    <ClInclude Include="..\packages\icl_core\src\icl_core\BaseTypes.h">
      <Filter>Headerdateien</Filter>
    </ClInclude>
    <ClInclude Include="..\packages\icl_core\src\icl_core\Deprecate.h">
      <Filter>Headerdateien</Filter>
    </ClInclude>
    <ClInclude Include="..\packages\icl_core\src\icl_core\EnumHelper.h">
      <Filter>Headerdateien</Filter>
    </ClInclude>
    <ClInclude Include="..\packages\icl_core\src\icl_core\icl_core.h">
      <Filter>Headerdateien</Filter>
    </ClInclude>
    <ClInclude Include="..\packages\icl_core\src\icl_core\ImportExport.h">
      <Filter>Headerdateien</Filter>
    </ClInclude>
    <ClInclude Include="..\packages\icl_core\src\icl_core\KeyValueDirectory.h">
      <Filter>Headerdateien</Filter>
    </ClInclude>
    <ClInclude Include="..\packages\icl_core\src\icl_core\KeyValueDirectory.hpp">
      <Filter>Headerdateien</Filter>
    </ClInclude>
    <ClInclude Include="..\packages\icl_core\src\icl_core\Noncopyable.hpp">
      <Filter>Headerdateien</Filter>
    </ClInclude>
    <ClInclude Include="..\packages\icl_core\src\icl_core\fs.h">
      <Filter>Headerdateien</Filter>
    </ClInclude>
    <ClInclude Include="..\packages\icl_core\src\icl_core\RemoveMemberPointer.h">
      <Filter>Headerdateien</Filter>
    </ClInclude>
    <ClInclude Include="..\packages\icl_core\src\icl_core\TimeStamp.h">
      <Filter>Headerdateien</Filter>
    </ClInclude>
    <ClInclude Include="..\packages\icl_core\src\icl_core_config\AttributeTree.h">
      <Filter>Headerdateien</Filter>
    </ClInclude>
    <ClInclude Include="..\packages\icl_core\src\icl_core_config\Config.h">
      <Filter>Headerdateien</Filter>
    </ClInclude>
    <ClInclude Include="..\packages\icl_core\src\icl_core_config\ConfigEnum.h">
      <Filter>Headerdateien</Filter>
    </ClInclude>
    <ClInclude Include="..\packages\icl_core\src\icl_core_config\ConfigEnumDefault.h">
      <Filter>Headerdateien</Filter>
    </ClInclude>
    <ClInclude Include="..\packages\icl_core\src\icl_core_config\ConfigIterator.h">
      <Filter>Headerdateien</Filter>
    </ClInclude>
    <ClInclude Include="..\packages\icl_core\src\icl_core_config\ConfigList.h">
      <Filter>Headerdateien</Filter>
    </ClInclude>
    <ClInclude Include="..\packages\icl_core\src\icl_core_config\ConfigManager.h">
      <Filter>Headerdateien</Filter>
    </ClInclude>
    <ClInclude Include="..\packages\icl_core\src\icl_core_config\ConfigObserver.h">
      <Filter>Headerdateien</Filter>
    </ClInclude>
    <ClInclude Include="..\packages\icl_core\src\icl_core_config\ConfigParameter.h">
      <Filter>Headerdateien</Filter>
    </ClInclude>
    <ClInclude Include="..\packages\icl_core\src\icl_core_config\ConfigPositionalParameter.h">
      <Filter>Headerdateien</Filter>
    </ClInclude>
    <ClInclude Include="..\packages\icl_core\src\icl_core_config\ConfigValue.h">
      <Filter>Headerdateien</Filter>
    </ClInclude>
    <ClInclude Include="..\packages\icl_core\src\icl_core_config\ConfigValueDefault.h">
      <Filter>Headerdateien</Filter>
    </ClInclude>
    <ClInclude Include="..\packages\icl_core\src\icl_core_config\ConfigValueIface.h">
      <Filter>Headerdateien</Filter>
    </ClInclude>
    <ClInclude Include="..\packages\icl_core\src\icl_core_config\ConfigValues.h">
      <Filter>Headerdateien</Filter>
    </ClInclude>
    <ClInclude Include="..\packages\icl_core\src\icl_core_config\GetoptParameter.h">
      <Filter>Headerdateien</Filter>
    </ClInclude>
    <ClInclude Include="..\packages\icl_core\src\icl_core_config\GetoptParser.h">
      <Filter>Headerdateien</Filter>
    </ClInclude>
    <ClInclude Include="..\packages\icl_core\src\icl_core_config\GetoptPositionalParameter.h">
      <Filter>Headerdateien</Filter>
    </ClInclude>
    <ClInclude Include="..\packages\icl_core\src\icl_core_config\icl_core_config.h">
      <Filter>Headerdateien</Filter>
    </ClInclude>
    <ClInclude Include="..\packages\icl_core\src\icl_core_config\ImportExport.h">
      <Filter>Headerdateien</Filter>
    </ClInclude>
    <ClInclude Include="..\packages\icl_core\src\icl_core_config\MemberValue.h">
      <Filter>Headerdateien</Filter>
    </ClInclude>
    <ClInclude Include="..\packages\icl_core\src\icl_core_config\MemberValueIface.h">
      <Filter>Headerdateien</Filter>
    </ClInclude>
    <ClInclude Include="..\packages\icl_core\src\icl_core_config\Util.h">
      <Filter>Headerdateien</Filter>
    </ClInclude>
    <ClInclude Include="..\packages\icl_core\src\icl_core_crypt\Sha2.h">
      <Filter>Headerdateien</Filter>
    </ClInclude>
    <ClInclude Include="..\packages\icl_core\src\icl_core_crypt\Sha2.hpp">
      <Filter>Headerdateien</Filter>
    </ClInclude>
    <ClInclude Include="..\packages\icl_core\src\icl_core_crypt\Sha2Impl.h">
      <Filter>Headerdateien</Filter>
    </ClInclude>
    <ClInclude Include="..\packages\icl_core\src\icl_core_crypt\Sha2Impl.hpp">
      <Filter>Headerdateien</Filter>
    </ClInclude>
    <ClInclude Include="..\packages\icl_core\src\icl_core_performance_monitor\ImportExport.h">
      <Filter>Headerdateien</Filter>
    </ClInclude>
    <ClInclude Include="..\packages\icl_core\src\icl_core_performance_monitor\logging_performance_monitor.h">
      <Filter>Headerdateien</Filter>
    </ClInclude>
    <ClInclude Include="..\packages\icl_core\src\icl_core_performance_monitor\PerformanceMonitor.h">
      <Filter>Headerdateien</Filter>
    </ClInclude>
    <ClInclude Include="..\packages\icl_core\src\icl_core_performance_monitor\PerformanceMonitorMacros.h">
      <Filter>Headerdateien</Filter>
    </ClInclude>
    <ClInclude Include="..\packages\icl_core\src\icl_core_logging\Constants.h">
      <Filter>Headerdateien</Filter>
    </ClInclude>
    <ClInclude Include="..\packages\icl_core\src\icl_core_logging\FileLogOutput.h">
      <Filter>Headerdateien</Filter>
    </ClInclude>
    <ClInclude Include="..\packages\icl_core\src\icl_core_logging\icl_core_logging.h">
      <Filter>Headerdateien</Filter>
    </ClInclude>
    <ClInclude Include="..\packages\icl_core\src\icl_core_logging\ImportExport.h">
      <Filter>Headerdateien</Filter>
    </ClInclude>
    <ClInclude Include="..\packages\icl_core\src\icl_core_logging\Logging.h">
      <Filter>Headerdateien</Filter>
    </ClInclude>
    <ClInclude Include="..\packages\icl_core\src\icl_core_logging\logging_ns.h">
      <Filter>Headerdateien</Filter>
    </ClInclude>
    <ClInclude Include="..\packages\icl_core\src\icl_core_logging\LoggingMacros_LLOGGING.h">
      <Filter>Headerdateien</Filter>
    </ClInclude>
    <ClInclude Include="..\packages\icl_core\src\icl_core_logging\LoggingMacros_LLOGGING_FMT.h">
      <Filter>Headerdateien</Filter>
    </ClInclude>
    <ClInclude Include="..\packages\icl_core\src\icl_core_logging\LoggingMacros_LOGGING.h">
      <Filter>Headerdateien</Filter>
    </ClInclude>
    <ClInclude Include="..\packages\icl_core\src\icl_core_logging\LoggingMacros_LOGGING_FMT.h">
      <Filter>Headerdateien</Filter>
    </ClInclude>
    <ClInclude Include="..\packages\icl_core\src\icl_core_logging\LoggingMacros_MLOGGING.h">
      <Filter>Headerdateien</Filter>
    </ClInclude>
    <ClInclude Include="..\packages\icl_core\src\icl_core_logging\LoggingMacros_MLOGGING_FMT.h">
      <Filter>Headerdateien</Filter>
    </ClInclude>
    <ClInclude Include="..\packages\icl_core\src\icl_core_logging\LoggingMacros_SLOGGING.h">
      <Filter>Headerdateien</Filter>
    </ClInclude>
    <ClInclude Include="..\packages\icl_core\src\icl_core_logging\LoggingMacros_SLOGGING_FMT.h">
      <Filter>Headerdateien</Filter>
    </ClInclude>
    <ClInclude Include="..\packages\icl_core\src\icl_core_logging\LoggingManager.h">
      <Filter>Headerdateien</Filter>
    </ClInclude>
    <ClInclude Include="..\packages\icl_core\src\icl_core_logging\LogLevel.h">
      <Filter>Headerdateien</Filter>
    </ClInclude>
    <ClInclude Include="..\packages\icl_core\src\icl_core_logging\LogOutputStream.h">
      <Filter>Headerdateien</Filter>
    </ClInclude>
    <ClInclude Include="..\packages\icl_core\src\icl_core_logging\LogStream.h">
      <Filter>Headerdateien</Filter>
    </ClInclude>
    <ClInclude Include="..\packages\icl_core\src\icl_core_logging\ScopedTimer.h">
      <Filter>Headerdateien</Filter>
    </ClInclude>
    <ClInclude Include="..\packages\icl_core\src\icl_core_logging\SemaphoreImpl.h">
      <Filter>Headerdateien</Filter>
    </ClInclude>
    <ClInclude Include="..\packages\icl_core\src\icl_core_logging\SemaphoreImplLxrt.h">
      <Filter>Headerdateien</Filter>
    </ClInclude>
    <ClInclude Include="..\packages\icl_core\src\icl_core_logging\SemaphoreImplWin32.h">
      <Filter>Headerdateien</Filter>
    </ClInclude>
    <ClInclude Include="..\packages\icl_core\src\icl_core_logging\SingletonThreadingModels.h">
      <Filter>Headerdateien</Filter>
    </ClInclude>
    <ClInclude Include="..\packages\icl_core\src\icl_core_logging\StdErrorLogOutput.h">
      <Filter>Headerdateien</Filter>
    </ClInclude>
    <ClInclude Include="..\packages\icl_core\src\icl_core_logging\StdLogOutput.h">
      <Filter>Headerdateien</Filter>
    </ClInclude>
    <ClInclude Include="..\packages\icl_core\src\icl_core_logging\tFileLogOutput.h">
      <Filter>Headerdateien</Filter>
    </ClInclude>
    <ClInclude Include="..\packages\icl_core\src\icl_core_logging\ThreadStream.h">
      <Filter>Headerdateien</Filter>
    </ClInclude>
  </ItemGroup>
  <ItemGroup>
    <ClCompile Include="..\packages\icl_core\src\icl_core\EnumHelper.cpp">
      <Filter>Quelldateien</Filter>
    </ClCompile>
    <ClCompile Include="..\packages\icl_core\src\icl_core\fs.cpp">
      <Filter>Quelldateien</Filter>
    </ClCompile>
    <ClCompile Include="..\packages\icl_core\src\icl_core\TimeStamp.cpp">
      <Filter>Quelldateien</Filter>
    </ClCompile>
    <ClCompile Include="..\packages\icl_core\src\icl_core_config\AttributeTree.cpp">
      <Filter>Quelldateien</Filter>
    </ClCompile>
    <ClCompile Include="..\packages\icl_core\src\icl_core_config\Config.cpp">
      <Filter>Quelldateien</Filter>
    </ClCompile>
    <ClCompile Include="..\packages\icl_core\src\icl_core_config\ConfigIterator.cpp">
      <Filter>Quelldateien</Filter>
    </ClCompile>
    <ClCompile Include="..\packages\icl_core\src\icl_core_config\ConfigManager.cpp">
      <Filter>Quelldateien</Filter>
    </ClCompile>
    <ClCompile Include="..\packages\icl_core\src\icl_core_config\ConfigParameter.cpp">
      <Filter>Quelldateien</Filter>
    </ClCompile>
    <ClCompile Include="..\packages\icl_core\src\icl_core_config\ConfigPositionalParameter.cpp">
      <Filter>Quelldateien</Filter>
    </ClCompile>
    <ClCompile Include="..\packages\icl_core\src\icl_core_config\GetoptParameter.cpp">
      <Filter>Quelldateien</Filter>
    </ClCompile>
    <ClCompile Include="..\packages\icl_core\src\icl_core_config\GetoptParser.cpp">
      <Filter>Quelldateien</Filter>
    </ClCompile>
    <ClCompile Include="..\packages\icl_core\src\icl_core_config\GetoptPositionalParameter.cpp">
      <Filter>Quelldateien</Filter>
    </ClCompile>
    <ClCompile Include="..\packages\icl_core\src\icl_core_performance_monitor\logging_performance_monitor.cpp">
      <Filter>Quelldateien</Filter>
    </ClCompile>
    <ClCompile Include="..\packages\icl_core\src\icl_core_performance_monitor\PerformanceMonitor.cpp">
      <Filter>Quelldateien</Filter>
    </ClCompile>
    <ClCompile Include="..\packages\icl_core\src\icl_core_logging\FileLogOutput.cpp">
      <Filter>Quelldateien</Filter>
    </ClCompile>
    <ClCompile Include="..\packages\icl_core\src\icl_core_logging\Logging.cpp">
      <Filter>Quelldateien</Filter>
    </ClCompile>
    <ClCompile Include="..\packages\icl_core\src\icl_core_logging\LoggingManager.cpp">
      <Filter>Quelldateien</Filter>
    </ClCompile>
    <ClCompile Include="..\packages\icl_core\src\icl_core_logging\LogLevel.cpp">
      <Filter>Quelldateien</Filter>
    </ClCompile>
    <ClCompile Include="..\packages\icl_core\src\icl_core_logging\LogOutputStream.cpp">
      <Filter>Quelldateien</Filter>
    </ClCompile>
    <ClCompile Include="..\packages\icl_core\src\icl_core_logging\LogStream.cpp">
      <Filter>Quelldateien</Filter>
    </ClCompile>
    <ClCompile Include="..\packages\icl_core\src\icl_core_logging\StdErrorLogOutput.cpp">
      <Filter>Quelldateien</Filter>
    </ClCompile>
    <ClCompile Include="..\packages\icl_core\src\icl_core_logging\StdLogOutput.cpp">
      <Filter>Quelldateien</Filter>
    </ClCompile>
    <ClCompile Include="..\packages\icl_core\src\icl_core_logging\ThreadStream.cpp">
      <Filter>Quelldateien</Filter>
    </ClCompile>
  </ItemGroup>
</Project>